// !$*UTF8*$!
{
	archiveVersion = 1;
	classes = {
	};
	objectVersion = 48;
	objects = {

/* Begin PBXBuildFile section */
		BC55B3C720EC6DF900CC3BC7 /* CollectionViewCell.swift in Sources */ = {isa = PBXBuildFile; fileRef = BC55B3C620EC6DF900CC3BC7 /* CollectionViewCell.swift */; };
		BCEC69E920ECB54A007CD603 /* ViewController2.swift in Sources */ = {isa = PBXBuildFile; fileRef = BCEC69E820ECB54A007CD603 /* ViewController2.swift */; };
		BCEC69EB20ECB61F007CD603 /* CollectionViewCell2.swift in Sources */ = {isa = PBXBuildFile; fileRef = BCEC69EA20ECB61F007CD603 /* CollectionViewCell2.swift */; };
		BCEE6D6E20EB824E002064B4 /* AppDelegate.swift in Sources */ = {isa = PBXBuildFile; fileRef = BCEE6D6D20EB824E002064B4 /* AppDelegate.swift */; };
		BCEE6D7020EB824E002064B4 /* ViewController.swift in Sources */ = {isa = PBXBuildFile; fileRef = BCEE6D6F20EB824E002064B4 /* ViewController.swift */; };
		BCEE6D7320EB824E002064B4 /* Main.storyboard in Resources */ = {isa = PBXBuildFile; fileRef = BCEE6D7120EB824E002064B4 /* Main.storyboard */; };
		BCEE6D7820EB824E002064B4 /* Assets.xcassets in Resources */ = {isa = PBXBuildFile; fileRef = BCEE6D7720EB824E002064B4 /* Assets.xcassets */; };
		BCEE6D7B20EB824E002064B4 /* LaunchScreen.storyboard in Resources */ = {isa = PBXBuildFile; fileRef = BCEE6D7920EB824E002064B4 /* LaunchScreen.storyboard */; };
/* End PBXBuildFile section */

/* Begin PBXFileReference section */
		BC55B3C620EC6DF900CC3BC7 /* CollectionViewCell.swift */ = {isa = PBXFileReference; lastKnownFileType = sourcecode.swift; path = CollectionViewCell.swift; sourceTree = "<group>"; };
		BCEC69E820ECB54A007CD603 /* ViewController2.swift */ = {isa = PBXFileReference; lastKnownFileType = sourcecode.swift; path = ViewController2.swift; sourceTree = "<group>"; };
		BCEC69EA20ECB61F007CD603 /* CollectionViewCell2.swift */ = {isa = PBXFileReference; lastKnownFileType = sourcecode.swift; path = CollectionViewCell2.swift; sourceTree = "<group>"; };
		BCEE6D6A20EB824E002064B4 /* TrainingExe6.app */ = {isa = PBXFileReference; explicitFileType = wrapper.application; includeInIndex = 0; path = TrainingExe6.app; sourceTree = BUILT_PRODUCTS_DIR; };
		BCEE6D6D20EB824E002064B4 /* AppDelegate.swift */ = {isa = PBXFileReference; lastKnownFileType = sourcecode.swift; path = AppDelegate.swift; sourceTree = "<group>"; };
		BCEE6D6F20EB824E002064B4 /* ViewController.swift */ = {isa = PBXFileReference; lastKnownFileType = sourcecode.swift; path = ViewController.swift; sourceTree = "<group>"; };
		BCEE6D7220EB824E002064B4 /* Base */ = {isa = PBXFileReference; lastKnownFileType = file.storyboard; name = Base; path = Base.lproj/Main.storyboard; sourceTree = "<group>"; };
		BCEE6D7720EB824E002064B4 /* Assets.xcassets */ = {isa = PBXFileReference; lastKnownFileType = folder.assetcatalog; path = Assets.xcassets; sourceTree = "<group>"; };
		BCEE6D7A20EB824E002064B4 /* Base */ = {isa = PBXFileReference; lastKnownFileType = file.storyboard; name = Base; path = Base.lproj/LaunchScreen.storyboard; sourceTree = "<group>"; };
		BCEE6D7C20EB824E002064B4 /* Info.plist */ = {isa = PBXFileReference; lastKnownFileType = text.plist.xml; path = Info.plist; sourceTree = "<group>"; };
/* End PBXFileReference section */

/* Begin PBXFrameworksBuildPhase section */
		BCEE6D6720EB824E002064B4 /* Frameworks */ = {
			isa = PBXFrameworksBuildPhase;
			buildActionMask = 2147483647;
			files = (
			);
			runOnlyForDeploymentPostprocessing = 0;
		};
/* End PBXFrameworksBuildPhase section */

/* Begin PBXGroup section */
		BCEE6D6120EB824E002064B4 = {
			isa = PBXGroup;
			children = (
				BCEE6D6C20EB824E002064B4 /* TrainingExe6 */,
				BCEE6D6B20EB824E002064B4 /* Products */,
			);
			sourceTree = "<group>";
		};
		BCEE6D6B20EB824E002064B4 /* Products */ = {
			isa = PBXGroup;
			children = (
				BCEE6D6A20EB824E002064B4 /* TrainingExe6.app */,
			);
			name = Products;
			sourceTree = "<group>";
		};
		BCEE6D6C20EB824E002064B4 /* TrainingExe6 */ = {
			isa = PBXGroup;
			children = (
				BCEE6D6D20EB824E002064B4 /* AppDelegate.swift */,
				BCEE6D6F20EB824E002064B4 /* ViewController.swift */,
				BC55B3C620EC6DF900CC3BC7 /* CollectionViewCell.swift */,
				BCEC69E820ECB54A007CD603 /* ViewController2.swift */,
				BCEC69EA20ECB61F007CD603 /* CollectionViewCell2.swift */,
				BCEE6D7120EB824E002064B4 /* Main.storyboard */,
				BCEE6D7720EB824E002064B4 /* Assets.xcassets */,
				BCEE6D7920EB824E002064B4 /* LaunchScreen.storyboard */,
				BCEE6D7C20EB824E002064B4 /* Info.plist */,
			);
			path = TrainingExe6;
			sourceTree = "<group>";
		};
/* End PBXGroup section */

/* Begin PBXNativeTarget section */
		BCEE6D6920EB824E002064B4 /* TrainingExe6 */ = {
			isa = PBXNativeTarget;
			buildConfigurationList = BCEE6D7F20EB824E002064B4 /* Build configuration list for PBXNativeTarget "TrainingExe6" */;
			buildPhases = (
				BCEE6D6620EB824E002064B4 /* Sources */,
				BCEE6D6720EB824E002064B4 /* Frameworks */,
				BCEE6D6820EB824E002064B4 /* Resources */,
			);
			buildRules = (
			);
			dependencies = (
			);
			name = TrainingExe6;
			productName = TrainingExe6;
			productReference = BCEE6D6A20EB824E002064B4 /* TrainingExe6.app */;
			productType = "com.apple.product-type.application";
		};
/* End PBXNativeTarget section */

/* Begin PBXProject section */
		BCEE6D6220EB824E002064B4 /* Project object */ = {
			isa = PBXProject;
			attributes = {
				LastSwiftUpdateCheck = 0920;
				LastUpgradeCheck = 0920;
				ORGANIZATIONNAME = "Trung Kien";
				TargetAttributes = {
					BCEE6D6920EB824E002064B4 = {
						CreatedOnToolsVersion = 9.2;
						ProvisioningStyle = Automatic;
					};
				};
			};
			buildConfigurationList = BCEE6D6520EB824E002064B4 /* Build configuration list for PBXProject "TrainingExe6" */;
			compatibilityVersion = "Xcode 8.0";
			developmentRegion = en;
			hasScannedForEncodings = 0;
			knownRegions = (
				en,
				Base,
			);
			mainGroup = BCEE6D6120EB824E002064B4;
			productRefGroup = BCEE6D6B20EB824E002064B4 /* Products */;
			projectDirPath = "";
			projectRoot = "";
			targets = (
				BCEE6D6920EB824E002064B4 /* TrainingExe6 */,
			);
		};
/* End PBXProject section */

/* Begin PBXResourcesBuildPhase section */
		BCEE6D6820EB824E002064B4 /* Resources */ = {
			isa = PBXResourcesBuildPhase;
			buildActionMask = 2147483647;
			files = (
				BCEE6D7B20EB824E002064B4 /* LaunchScreen.storyboard in Resources */,
				BCEE6D7820EB824E002064B4 /* Assets.xcassets in Resources */,
				BCEE6D7320EB824E002064B4 /* Main.storyboard in Resources */,
			);
			runOnlyForDeploymentPostprocessing = 0;
		};
/* End PBXResourcesBuildPhase section */

/* Begin PBXSourcesBuildPhase section */
		BCEE6D6620EB824E002064B4 /* Sources */ = {
			isa = PBXSourcesBuildPhase;
			buildActionMask = 2147483647;
			files = (
				BCEE6D7020EB824E002064B4 /* ViewController.swift in Sources */,
				BCEC69E920ECB54A007CD603 /* ViewController2.swift in Sources */,
				BCEC69EB20ECB61F007CD603 /* CollectionViewCell2.swift in Sources */,
				BCEE6D6E20EB824E002064B4 /* AppDelegate.swift in Sources */,
				BC55B3C720EC6DF900CC3BC7 /* CollectionViewCell.swift in Sources */,
			);
			runOnlyForDeploymentPostprocessing = 0;
		};
/* End PBXSourcesBuildPhase section */

/* Begin PBXVariantGroup section */
		BCEE6D7120EB824E002064B4 /* Main.storyboard */ = {
			isa = PBXVariantGroup;
			children = (
				BCEE6D7220EB824E002064B4 /* Base */,
			);
			name = Main.storyboard;
			sourceTree = "<group>";
		};
		BCEE6D7920EB824E002064B4 /* LaunchScreen.storyboard */ = {
			isa = PBXVariantGroup;
			children = (
				BCEE6D7A20EB824E002064B4 /* Base */,
			);
			name = LaunchScreen.storyboard;
			sourceTree = "<group>";
		};
/* End PBXVariantGroup section */

/* Begin XCBuildConfiguration section */
		BCEE6D7D20EB824E002064B4 /* Debug */ = {
			isa = XCBuildConfiguration;
			buildSettings = {
				ALWAYS_SEARCH_USER_PATHS = NO;
				CLANG_ANALYZER_NONNULL = YES;
				CLANG_ANALYZER_NUMBER_OBJECT_CONVERSION = YES_AGGRESSIVE;
				CLANG_CXX_LANGUAGE_STANDARD = "gnu++14";
				CLANG_CXX_LIBRARY = "libc++";
				CLANG_ENABLE_MODULES = YES;
				CLANG_ENABLE_OBJC_ARC = YES;
				CLANG_WARN_BLOCK_CAPTURE_AUTORELEASING = YES;
				CLANG_WARN_BOOL_CONVERSION = YES;
				CLANG_WARN_COMMA = YES;
				CLANG_WARN_CONSTANT_CONVERSION = YES;
				CLANG_WARN_DIRECT_OBJC_ISA_USAGE = YES_ERROR;
				CLANG_WARN_DOCUMENTATION_COMMENTS = YES;
				CLANG_WARN_EMPTY_BODY = YES;
				CLANG_WARN_ENUM_CONVERSION = YES;
				CLANG_WARN_INFINITE_RECURSION = YES;
				CLANG_WARN_INT_CONVERSION = YES;
				CLANG_WARN_NON_LITERAL_NULL_CONVERSION = YES;
				CLANG_WARN_OBJC_LITERAL_CONVERSION = YES;
				CLANG_WARN_OBJC_ROOT_CLASS = YES_ERROR;
				CLANG_WARN_RANGE_LOOP_ANALYSIS = YES;
				CLANG_WARN_STRICT_PROTOTYPES = YES;
				CLANG_WARN_SUSPICIOUS_MOVE = YES;
				CLANG_WARN_UNGUARDED_AVAILABILITY = YES_AGGRESSIVE;
				CLANG_WARN_UNREACHABLE_CODE = YES;
				CLANG_WARN__DUPLICATE_METHOD_MATCH = YES;
				CODE_SIGN_IDENTITY = "iPhone Developer";
				COPY_PHASE_STRIP = NO;
				DEBUG_INFORMATION_FORMAT = dwarf;
				ENABLE_STRICT_OBJC_MSGSEND = YES;
				ENABLE_TESTABILITY = YES;
				GCC_C_LANGUAGE_STANDARD = gnu11;
				GCC_DYNAMIC_NO_PIC = NO;
				GCC_NO_COMMON_BLOCKS = YES;
				GCC_OPTIMIZATION_LEVEL = 0;
				GCC_PREPROCESSOR_DEFINITIONS = (
					"DEBUG=1",
					"$(inherited)",
				);
				GCC_WARN_64_TO_32_BIT_CONVERSION = YES;
				GCC_WARN_ABOUT_RETURN_TYPE = YES_ERROR;
				GCC_WARN_UNDECLARED_SELECTOR = YES;
				GCC_WARN_UNINITIALIZED_AUTOS = YES_AGGRESSIVE;
				GCC_WARN_UNUSED_FUNCTION = YES;
				GCC_WARN_UNUSED_VARIABLE = YES;
				IPHONEOS_DEPLOYMENT_TARGET = 11.2;
				MTL_ENABLE_DEBUG_INFO = YES;
				ONLY_ACTIVE_ARCH = YES;
				SDKROOT = iphoneos;
				SWIFT_ACTIVE_COMPILATION_CONDITIONS = DEBUG;
				SWIFT_OPTIMIZATION_LEVEL = "-Onone";
			};
			name = Debug;
		};
		BCEE6D7E20EB824E002064B4 /* Release */ = {
			isa = XCBuildConfiguration;
			buildSettings = {
				ALWAYS_SEARCH_USER_PATHS = NO;
				CLANG_ANALYZER_NONNULL = YES;
				CLANG_ANALYZER_NUMBER_OBJECT_CONVERSION = YES_AGGRESSIVE;
				CLANG_CXX_LANGUAGE_STANDARD = "gnu++14";
				CLANG_CXX_LIBRARY = "libc++";
				CLANG_ENABLE_MODULES = YES;
				CLANG_ENABLE_OBJC_ARC = YES;
				CLANG_WARN_BLOCK_CAPTURE_AUTORELEASING = YES;
				CLANG_WARN_BOOL_CONVERSION = YES;
				CLANG_WARN_COMMA = YES;
				CLANG_WARN_CONSTANT_CONVERSION = YES;
				CLANG_WARN_DIRECT_OBJC_ISA_USAGE = YES_ERROR;
				CLANG_WARN_DOCUMENTATION_COMMENTS = YES;
				CLANG_WARN_EMPTY_BODY = YES;
				CLANG_WARN_ENUM_CONVERSION = YES;
				CLANG_WARN_INFINITE_RECURSION = YES;
				CLANG_WARN_INT_CONVERSION = YES;
				CLANG_WARN_NON_LITERAL_NULL_CONVERSION = YES;
				CLANG_WARN_OBJC_LITERAL_CONVERSION = YES;
				CLANG_WARN_OBJC_ROOT_CLASS = YES_ERROR;
				CLANG_WARN_RANGE_LOOP_ANALYSIS = YES;
				CLANG_WARN_STRICT_PROTOTYPES = YES;
				CLANG_WARN_SUSPICIOUS_MOVE = YES;
				CLANG_WARN_UNGUARDED_AVAILABILITY = YES_AGGRESSIVE;
				CLANG_WARN_UNREACHABLE_CODE = YES;
				CLANG_WARN__DUPLICATE_METHOD_MATCH = YES;
				CODE_SIGN_IDENTITY = "iPhone Developer";
				COPY_PHASE_STRIP = NO;
				DEBUG_INFORMATION_FORMAT = "dwarf-with-dsym";
				ENABLE_NS_ASSERTIONS = NO;
				ENABLE_STRICT_OBJC_MSGSEND = YES;
				GCC_C_LANGUAGE_STANDARD = gnu11;
				GCC_NO_COMMON_BLOCKS = YES;
				GCC_WARN_64_TO_32_BIT_CONVERSION = YES;
				GCC_WARN_ABOUT_RETURN_TYPE = YES_ERROR;
				GCC_WARN_UNDECLARED_SELECTOR = YES;
				GCC_WARN_UNINITIALIZED_AUTOS = YES_AGGRESSIVE;
				GCC_WARN_UNUSED_FUNCTION = YES;
				GCC_WARN_UNUSED_VARIABLE = YES;
				IPHONEOS_DEPLOYMENT_TARGET = 11.2;
				MTL_ENABLE_DEBUG_INFO = NO;
				SDKROOT = iphoneos;
				SWIFT_OPTIMIZATION_LEVEL = "-Owholemodule";
				VALIDATE_PRODUCT = YES;
			};
			name = Release;
		};
		BCEE6D8020EB824E002064B4 /* Debug */ = {
			isa = XCBuildConfiguration;
			buildSettings = {
				ASSETCATALOG_COMPILER_APPICON_NAME = AppIcon;
				CODE_SIGN_STYLE = Automatic;
				DEVELOPMENT_TEAM = 5Z2J856649;
				INFOPLIST_FILE = TrainingExe6/Info.plist;
				IPHONEOS_DEPLOYMENT_TARGET = 10.2;
				LD_RUNPATH_SEARCH_PATHS = "$(inherited) @executable_path/Frameworks";
				PRODUCT_BUNDLE_IDENTIFIER = com.meoteam.kienphan.TrainingExe6;
				PRODUCT_NAME = "$(TARGET_NAME)";
				SWIFT_VERSION = 4.0;
				TARGETED_DEVICE_FAMILY = "1,2";
			};
			name = Debug;
		};
		BCEE6D8120EB824E002064B4 /* Release */ = {
			isa = XCBuildConfiguration;
			buildSettings = {
				ASSETCATALOG_COMPILER_APPICON_NAME = AppIcon;
				CODE_SIGN_STYLE = Automatic;
				DEVELOPMENT_TEAM = 5Z2J856649;
				INFOPLIST_FILE = TrainingExe6/Info.plist;
				IPHONEOS_DEPLOYMENT_TARGET = 10.2;
				LD_RUNPATH_SEARCH_PATHS = "$(inherited) @executable_path/Frameworks";
				PRODUCT_BUNDLE_IDENTIFIER = com.meoteam.kienphan.TrainingExe6;
				PRODUCT_NAME = "$(TARGET_NAME)";
				SWIFT_VERSION = 4.0;
				TARGETED_DEVICE_FAMILY = "1,2";
			};
			name = Release;
		};
/* End XCBuildConfiguration section */

/* Begin XCConfigurationList section */
		BCEE6D6520EB824E002064B4 /* Build configuration list for PBXProject "TrainingExe6" */ = {
			isa = XCConfigurationList;
			buildConfigurations = (
				BCEE6D7D20EB824E002064B4 /* Debug */,
				BCEE6D7E20EB824E002064B4 /* Release */,
			);
			defaultConfigurationIsVisible = 0;
			defaultConfigurationName = Release;
		};
		BCEE6D7F20EB824E002064B4 /* Build configuration list for PBXNativeTarget "TrainingExe6" */ = {
			isa = XCConfigurationList;
			buildConfigurations = (
				BCEE6D8020EB824E002064B4 /* Debug */,
				BCEE6D8120EB824E002064B4 /* Release */,
			);
			defaultConfigurationIsVisible = 0;
			defaultConfigurationName = Release;
		};
/* End XCConfigurationList section */
	};
	rootObject = BCEE6D6220EB824E002064B4 /* Project object */;
}
